// !$*UTF8*$!
{
	archiveVersion = 1;
	classes = {
	};
	objectVersion = 46;
	objects = {

/* Begin PBXBuildFile section */
		E7CC2BFB1F31BD1300717DE7 /* AppDelegate.swift in Sources */ = {isa = PBXBuildFile; fileRef = E7CC2BFA1F31BD1300717DE7 /* AppDelegate.swift */; };
		E7CC2BFD1F31BD1300717DE7 /* ViewController.swift in Sources */ = {isa = PBXBuildFile; fileRef = E7CC2BFC1F31BD1300717DE7 /* ViewController.swift */; };
		E7CC2C001F31BD1300717DE7 /* Main.storyboard in Resources */ = {isa = PBXBuildFile; fileRef = E7CC2BFE1F31BD1300717DE7 /* Main.storyboard */; };
		E7CC2C021F31BD1300717DE7 /* Assets.xcassets in Resources */ = {isa = PBXBuildFile; fileRef = E7CC2C011F31BD1300717DE7 /* Assets.xcassets */; };
		E7CC2C051F31BD1300717DE7 /* LaunchScreen.storyboard in Resources */ = {isa = PBXBuildFile; fileRef = E7CC2C031F31BD1300717DE7 /* LaunchScreen.storyboard */; };
/* End PBXBuildFile section */

/* Begin PBXFileReference section */
		E7CC2BF71F31BD1300717DE7 /* Constraint.app */ = {isa = PBXFileReference; explicitFileType = wrapper.application; includeInIndex = 0; path = Constraint.app; sourceTree = BUILT_PRODUCTS_DIR; };
		E7CC2BFA1F31BD1300717DE7 /* AppDelegate.swift */ = {isa = PBXFileReference; lastKnownFileType = sourcecode.swift; path = AppDelegate.swift; sourceTree = "<group>"; };
		E7CC2BFC1F31BD1300717DE7 /* ViewController.swift */ = {isa = PBXFileReference; lastKnownFileType = sourcecode.swift; path = ViewController.swift; sourceTree = "<group>"; };
		E7CC2BFF1F31BD1300717DE7 /* Base */ = {isa = PBXFileReference; lastKnownFileType = file.storyboard; name = Base; path = Base.lproj/Main.storyboard; sourceTree = "<group>"; };
		E7CC2C011F31BD1300717DE7 /* Assets.xcassets */ = {isa = PBXFileReference; lastKnownFileType = folder.assetcatalog; path = Assets.xcassets; sourceTree = "<group>"; };
		E7CC2C041F31BD1300717DE7 /* Base */ = {isa = PBXFileReference; lastKnownFileType = file.storyboard; name = Base; path = Base.lproj/LaunchScreen.storyboard; sourceTree = "<group>"; };
		E7CC2C061F31BD1300717DE7 /* Info.plist */ = {isa = PBXFileReference; lastKnownFileType = text.plist.xml; path = Info.plist; sourceTree = "<group>"; };
/* End PBXFileReference section */

/* Begin PBXFrameworksBuildPhase section */
		E7CC2BF41F31BD1300717DE7 /* Frameworks */ = {
			isa = PBXFrameworksBuildPhase;
			buildActionMask = 2147483647;
			files = (
			);
			runOnlyForDeploymentPostprocessing = 0;
		};
/* End PBXFrameworksBuildPhase section */

/* Begin PBXGroup section */
		E7CC2BEE1F31BD1300717DE7 = {
			isa = PBXGroup;
			children = (
				E7CC2BF91F31BD1300717DE7 /* Constraint */,
				E7CC2BF81F31BD1300717DE7 /* Products */,
			);
			sourceTree = "<group>";
		};
		E7CC2BF81F31BD1300717DE7 /* Products */ = {
			isa = PBXGroup;
			children = (
				E7CC2BF71F31BD1300717DE7 /* Constraint.app */,
			);
			name = Products;
			sourceTree = "<group>";
		};
		E7CC2BF91F31BD1300717DE7 /* Constraint */ = {
			isa = PBXGroup;
			children = (
				E7CC2BFA1F31BD1300717DE7 /* AppDelegate.swift */,
				E7CC2BFC1F31BD1300717DE7 /* ViewController.swift */,
				E7CC2BFE1F31BD1300717DE7 /* Main.storyboard */,
				E7CC2C011F31BD1300717DE7 /* Assets.xcassets */,
				E7CC2C031F31BD1300717DE7 /* LaunchScreen.storyboard */,
				E7CC2C061F31BD1300717DE7 /* Info.plist */,
			);
			path = Constraint;
			sourceTree = "<group>";
		};
/* End PBXGroup section */

/* Begin PBXNativeTarget section */
		E7CC2BF61F31BD1300717DE7 /* Constraint */ = {
			isa = PBXNativeTarget;
			buildConfigurationList = E7CC2C091F31BD1300717DE7 /* Build configuration list for PBXNativeTarget "Constraint" */;
			buildPhases = (
				E7CC2BF31F31BD1300717DE7 /* Sources */,
				E7CC2BF41F31BD1300717DE7 /* Frameworks */,
				E7CC2BF51F31BD1300717DE7 /* Resources */,
			);
			buildRules = (
			);
			dependencies = (
			);
			name = Constraint;
			productName = Constraint;
			productReference = E7CC2BF71F31BD1300717DE7 /* Constraint.app */;
			productType = "com.apple.product-type.application";
		};
/* End PBXNativeTarget section */

/* Begin PBXProject section */
		E7CC2BEF1F31BD1300717DE7 /* Project object */ = {
			isa = PBXProject;
			attributes = {
				LastSwiftUpdateCheck = 0810;
				LastUpgradeCheck = 0810;
				ORGANIZATIONNAME = Tops;
				TargetAttributes = {
					E7CC2BF61F31BD1300717DE7 = {
						CreatedOnToolsVersion = 8.1;
						ProvisioningStyle = Automatic;
					};
				};
			};
			buildConfigurationList = E7CC2BF21F31BD1300717DE7 /* Build configuration list for PBXProject "Constraint" */;
			compatibilityVersion = "Xcode 3.2";
			developmentRegion = English;
			hasScannedForEncodings = 0;
			knownRegions = (
				en,
				Base,
			);
			mainGroup = E7CC2BEE1F31BD1300717DE7;
			productRefGroup = E7CC2BF81F31BD1300717DE7 /* Products */;
			projectDirPath = "";
			projectRoot = "";
			targets = (
				E7CC2BF61F31BD1300717DE7 /* Constraint */,
			);
		};
/* End PBXProject section */

/* Begin PBXResourcesBuildPhase section */
		E7CC2BF51F31BD1300717DE7 /* Resources */ = {
			isa = PBXResourcesBuildPhase;
			buildActionMask = 2147483647;
			files = (
				E7CC2C051F31BD1300717DE7 /* LaunchScreen.storyboard in Resources */,
				E7CC2C021F31BD1300717DE7 /* Assets.xcassets in Resources */,
				E7CC2C001F31BD1300717DE7 /* Main.storyboard in Resources */,
			);
			runOnlyForDeploymentPostprocessing = 0;
		};
/* End PBXResourcesBuildPhase section */

/* Begin PBXSourcesBuildPhase section */
		E7CC2BF31F31BD1300717DE7 /* Sources */ = {
			isa = PBXSourcesBuildPhase;
			buildActionMask = 2147483647;
			files = (
				E7CC2BFD1F31BD1300717DE7 /* ViewController.swift in Sources */,
				E7CC2BFB1F31BD1300717DE7 /* AppDelegate.swift in Sources */,
			);
			runOnlyForDeploymentPostprocessing = 0;
		};
/* End PBXSourcesBuildPhase section */

/* Begin PBXVariantGroup section */
		E7CC2BFE1F31BD1300717DE7 /* Main.storyboard */ = {
			isa = PBXVariantGroup;
			children = (
				E7CC2BFF1F31BD1300717DE7 /* Base */,
			);
			name = Main.storyboard;
			sourceTree = "<group>";
		};
		E7CC2C031F31BD1300717DE7 /* LaunchScreen.storyboard */ = {
			isa = PBXVariantGroup;
			children = (
				E7CC2C041F31BD1300717DE7 /* Base */,
			);
			name = LaunchScreen.storyboard;
			sourceTree = "<group>";
		};
/* End PBXVariantGroup section */

/* Begin XCBuildConfiguration section */
		E7CC2C071F31BD1300717DE7 /* Debug */ = {
			isa = XCBuildConfiguration;
			buildSettings = {
				ALWAYS_SEARCH_USER_PATHS = NO;
				CLANG_ANALYZER_NONNULL = YES;
				CLANG_CXX_LANGUAGE_STANDARD = "gnu++0x";
				CLANG_CXX_LIBRARY = "libc++";
				CLANG_ENABLE_MODULES = YES;
				CLANG_ENABLE_OBJC_ARC = YES;
				CLANG_WARN_BOOL_CONVERSION = YES;
				CLANG_WARN_CONSTANT_CONVERSION = YES;
				CLANG_WARN_DIRECT_OBJC_ISA_USAGE = YES_ERROR;
				CLANG_WARN_DOCUMENTATION_COMMENTS = YES;
				CLANG_WARN_EMPTY_BODY = YES;
				CLANG_WARN_ENUM_CONVERSION = YES;
				CLANG_WARN_INFINITE_RECURSION = YES;
				CLANG_WARN_INT_CONVERSION = YES;
				CLANG_WARN_OBJC_ROOT_CLASS = YES_ERROR;
				CLANG_WARN_SUSPICIOUS_MOVES = YES;
				CLANG_WARN_UNREACHABLE_CODE = YES;
				CLANG_WARN__DUPLICATE_METHOD_MATCH = YES;
				"CODE_SIGN_IDENTITY[sdk=iphoneos*]" = "iPhone Developer";
				COPY_PHASE_STRIP = NO;
				DEBUG_INFORMATION_FORMAT = dwarf;
				ENABLE_STRICT_OBJC_MSGSEND = YES;
				ENABLE_TESTABILITY = YES;
				GCC_C_LANGUAGE_STANDARD = gnu99;
				GCC_DYNAMIC_NO_PIC = NO;
				GCC_NO_COMMON_BLOCKS = YES;
				GCC_OPTIMIZATION_LEVEL = 0;
				GCC_PREPROCESSOR_DEFINITIONS = (
					"DEBUG=1",
					"$(inherited)",
				);
				GCC_WARN_64_TO_32_BIT_CONVERSION = YES;
				GCC_WARN_ABOUT_RETURN_TYPE = YES_ERROR;
				GCC_WARN_UNDECLARED_SELECTOR = YES;
				GCC_WARN_UNINITIALIZED_AUTOS = YES_AGGRESSIVE;
				GCC_WARN_UNUSED_FUNCTION = YES;
				GCC_WARN_UNUSED_VARIABLE = YES;
				IPHONEOS_DEPLOYMENT_TARGET = 10.1;
				MTL_ENABLE_DEBUG_INFO = YES;
				ONLY_ACTIVE_ARCH = YES;
				SDKROOT = iphoneos;
				SWIFT_ACTIVE_COMPILATION_CONDITIONS = DEBUG;
				SWIFT_OPTIMIZATION_LEVEL = "-Onone";
				TARGETED_DEVICE_FAMILY = "1,2";
			};
			name = Debug;
		};
		E7CC2C081F31BD1300717DE7 /* Release */ = {
			isa = XCBuildConfiguration;
			buildSettings = {
				ALWAYS_SEARCH_USER_PATHS = NO;
				CLANG_ANALYZER_NONNULL = YES;
				CLANG_CXX_LANGUAGE_STANDARD = "gnu++0x";
				CLANG_CXX_LIBRARY = "libc++";
				CLANG_ENABLE_MODULES = YES;
				CLANG_ENABLE_OBJC_ARC = YES;
				CLANG_WARN_BOOL_CONVERSION = YES;
				CLANG_WARN_CONSTANT_CONVERSION = YES;
				CLANG_WARN_DIRECT_OBJC_ISA_USAGE = YES_ERROR;
				CLANG_WARN_DOCUMENTATION_COMMENTS = YES;
				CLANG_WARN_EMPTY_BODY = YES;
				CLANG_WARN_ENUM_CONVERSION = YES;
				CLANG_WARN_INFINITE_RECURSION = YES;
				CLANG_WARN_INT_CONVERSION = YES;
				CLANG_WARN_OBJC_ROOT_CLASS = YES_ERROR;
				CLANG_WARN_SUSPICIOUS_MOVES = YES;
				CLANG_WARN_UNREACHABLE_CODE = YES;
				CLANG_WARN__DUPLICATE_METHOD_MATCH = YES;
				"CODE_SIGN_IDENTITY[sdk=iphoneos*]" = "iPhone Developer";
				COPY_PHASE_STRIP = NO;
				DEBUG_INFORMATION_FORMAT = "dwarf-with-dsym";
				ENABLE_NS_ASSERTIONS = NO;
				ENABLE_STRICT_OBJC_MSGSEND = YES;
				GCC_C_LANGUAGE_STANDARD = gnu99;
				GCC_NO_COMMON_BLOCKS = YES;
				GCC_WARN_64_TO_32_BIT_CONVERSION = YES;
				GCC_WARN_ABOUT_RETURN_TYPE = YES_ERROR;
				GCC_WARN_UNDECLARED_SELECTOR = YES;
				GCC_WARN_UNINITIALIZED_AUTOS = YES_AGGRESSIVE;
				GCC_WARN_UNUSED_FUNCTION = YES;
				GCC_WARN_UNUSED_VARIABLE = YES;
				IPHONEOS_DEPLOYMENT_TARGET = 10.1;
				MTL_ENABLE_DEBUG_INFO = NO;
				SDKROOT = iphoneos;
				SWIFT_OPTIMIZATION_LEVEL = "-Owholemodule";
				TARGETED_DEVICE_FAMILY = "1,2";
				VALIDATE_PRODUCT = YES;
			};
			name = Release;
		};
		E7CC2C0A1F31BD1300717DE7 /* Debug */ = {
			isa = XCBuildConfiguration;
			buildSettings = {
				ASSETCATALOG_COMPILER_APPICON_NAME = AppIcon;
				INFOPLIST_FILE = Constraint/Info.plist;
				LD_RUNPATH_SEARCH_PATHS = "$(inherited) @executable_path/Frameworks";
				PRODUCT_BUNDLE_IDENTIFIER = Tops.Constraint;
				PRODUCT_NAME = "$(TARGET_NAME)";
				SWIFT_VERSION = 3.0;
			};
			name = Debug;
		};
		E7CC2C0B1F31BD1300717DE7 /* Release */ = {
			isa = XCBuildConfiguration;
			buildSettings = {
				ASSETCATALOG_COMPILER_APPICON_NAME = AppIcon;
				INFOPLIST_FILE = Constraint/Info.plist;
				LD_RUNPATH_SEARCH_PATHS = "$(inherited) @executable_path/Frameworks";
				PRODUCT_BUNDLE_IDENTIFIER = Tops.Constraint;
				PRODUCT_NAME = "$(TARGET_NAME)";
				SWIFT_VERSION = 3.0;
			};
			name = Release;
		};
/* End XCBuildConfiguration section */

/* Begin XCConfigurationList section */
		E7CC2BF21F31BD1300717DE7 /* Build configuration list for PBXProject "Constraint" */ = {
			isa = XCConfigurationList;
			buildConfigurations = (
				E7CC2C071F31BD1300717DE7 /* Debug */,
				E7CC2C081F31BD1300717DE7 /* Release */,
			);
			defaultConfigurationIsVisible = 0;
			defaultConfigurationName = Release;
		};
		E7CC2C091F31BD1300717DE7 /* Build configuration list for PBXNativeTarget "Constraint" */ = {
			isa = XCConfigurationList;
			buildConfigurations = (
				E7CC2C0A1F31BD1300717DE7 /* Debug */,
				E7CC2C0B1F31BD1300717DE7 /* Release */,
			);
			defaultConfigurationIsVisible = 0;
		};
/* End XCConfigurationList section */
	};
	rootObject = E7CC2BEF1F31BD1300717DE7 /* Project object */;
}
